
Microsoft Visual Studio Solution File, Format Version 12.00
# Visual Studio 14
VisualStudioVersion = 14.0.25420.1
MinimumVisualStudioVersion = 10.0.40219.1
Project("{FAE04EC0-301F-11D3-BF4B-00C04F79EFBC}") = "TodoApp", "TodoApp\TodoApp.csproj", "{5D7EA485-438A-4B11-A039-B1B31D4428A1}"
EndProject
Project("{FAE04EC0-301F-11D3-BF4B-00C04F79EFBC}") = "TodoApp.Domains", "TodoApp.Logics\TodoApp.Domains.csproj", "{C35CAF23-A863-4319-A222-6B1296F155C9}"
EndProject
Project("{FAE04EC0-301F-11D3-BF4B-00C04F79EFBC}") = "TodoApp.Test", "TodoApp.Test\TodoApp.Test.csproj", "{8976296E-CF2F-4DCB-847D-68B18BDB08A4}"
EndProject
Project("{FAE04EC0-301F-11D3-BF4B-00C04F79EFBC}") = "Libs", "Libs\Libs.csproj", "{D4EEAA68-3696-4887-9FD2-9748A71040EA}"
EndProject
Project("{FAE04EC0-301F-11D3-BF4B-00C04F79EFBC}") = "TodoApp.Apps", "TodoApp.Services\TodoApp.Apps.csproj", "{30B54967-1DCC-4C5B-811D-ECE7D30F99FA}"
EndProject
Project("{FAE04EC0-301F-11D3-BF4B-00C04F79EFBC}") = "TodoApp.Infrastructures", "TodoApp.Infrastructures\TodoApp.Infrastructures.csproj", "{CE62085A-7DB2-4148-BEF1-30BAC99B3E17}"
EndProject
Global
	GlobalSection(SolutionConfigurationPlatforms) = preSolution
		Debug|Any CPU = Debug|Any CPU
		Release|Any CPU = Release|Any CPU
	EndGlobalSection
	GlobalSection(ProjectConfigurationPlatforms) = postSolution
		{5D7EA485-438A-4B11-A039-B1B31D4428A1}.Debug|Any CPU.ActiveCfg = Debug|Any CPU
		{5D7EA485-438A-4B11-A039-B1B31D4428A1}.Debug|Any CPU.Build.0 = Debug|Any CPU
		{5D7EA485-438A-4B11-A039-B1B31D4428A1}.Release|Any CPU.ActiveCfg = Release|Any CPU
		{5D7EA485-438A-4B11-A039-B1B31D4428A1}.Release|Any CPU.Build.0 = Release|Any CPU
		{C35CAF23-A863-4319-A222-6B1296F155C9}.Debug|Any CPU.ActiveCfg = Debug|Any CPU
		{C35CAF23-A863-4319-A222-6B1296F155C9}.Debug|Any CPU.Build.0 = Debug|Any CPU
		{C35CAF23-A863-4319-A222-6B1296F155C9}.Release|Any CPU.ActiveCfg = Release|Any CPU
		{C35CAF23-A863-4319-A222-6B1296F155C9}.Release|Any CPU.Build.0 = Release|Any CPU
		{8976296E-CF2F-4DCB-847D-68B18BDB08A4}.Debug|Any CPU.ActiveCfg = Debug|Any CPU
		{8976296E-CF2F-4DCB-847D-68B18BDB08A4}.Debug|Any CPU.Build.0 = Debug|Any CPU
		{8976296E-CF2F-4DCB-847D-68B18BDB08A4}.Release|Any CPU.ActiveCfg = Release|Any CPU
		{8976296E-CF2F-4DCB-847D-68B18BDB08A4}.Release|Any CPU.Build.0 = Release|Any CPU
		{D4EEAA68-3696-4887-9FD2-9748A71040EA}.Debug|Any CPU.ActiveCfg = Debug|Any CPU
		{D4EEAA68-3696-4887-9FD2-9748A71040EA}.Debug|Any CPU.Build.0 = Debug|Any CPU
		{D4EEAA68-3696-4887-9FD2-9748A71040EA}.Release|Any CPU.ActiveCfg = Release|Any CPU
		{D4EEAA68-3696-4887-9FD2-9748A71040EA}.Release|Any CPU.Build.0 = Release|Any CPU
		{30B54967-1DCC-4C5B-811D-ECE7D30F99FA}.Debug|Any CPU.ActiveCfg = Debug|Any CPU
		{30B54967-1DCC-4C5B-811D-ECE7D30F99FA}.Debug|Any CPU.Build.0 = Debug|Any CPU
		{30B54967-1DCC-4C5B-811D-ECE7D30F99FA}.Release|Any CPU.ActiveCfg = Release|Any CPU
		{30B54967-1DCC-4C5B-811D-ECE7D30F99FA}.Release|Any CPU.Build.0 = Release|Any CPU
		{CE62085A-7DB2-4148-BEF1-30BAC99B3E17}.Debug|Any CPU.ActiveCfg = Debug|Any CPU
		{CE62085A-7DB2-4148-BEF1-30BAC99B3E17}.Debug|Any CPU.Build.0 = Debug|Any CPU
		{CE62085A-7DB2-4148-BEF1-30BAC99B3E17}.Release|Any CPU.ActiveCfg = Release|Any CPU
		{CE62085A-7DB2-4148-BEF1-30BAC99B3E17}.Release|Any CPU.Build.0 = Release|Any CPU
	EndGlobalSection
	GlobalSection(SolutionProperties) = preSolution
		HideSolutionNode = FALSE
	EndGlobalSection
EndGlobal
